
Microsoft Visual Studio Solution File, Format Version 12.00
# Visual Studio Version 17
VisualStudioVersion = 17.14.36915.13 d17.14
MinimumVisualStudioVersion = 10.0.40219.1
Project("{FAE04EC0-301F-11D3-BF4B-00C04F79EFBC}") = "ilya-talyzin-kt-41-23", "ilya-talyzin-kt-41-23\ilya-talyzin-kt-41-23.csproj", "{C02FFDBF-D387-41B4-A9C1-BACD91741E69}"
EndProject
Global
	GlobalSection(SolutionConfigurationPlatforms) = preSolution
		Debug|Any CPU = Debug|Any CPU
		Release|Any CPU = Release|Any CPU
	EndGlobalSection
	GlobalSection(ProjectConfigurationPlatforms) = postSolution
		{C02FFDBF-D387-41B4-A9C1-BACD91741E69}.Debug|Any CPU.ActiveCfg = Debug|Any CPU
		{C02FFDBF-D387-41B4-A9C1-BACD91741E69}.Debug|Any CPU.Build.0 = Debug|Any CPU
		{C02FFDBF-D387-41B4-A9C1-BACD91741E69}.Release|Any CPU.ActiveCfg = Release|Any CPU
		{C02FFDBF-D387-41B4-A9C1-BACD91741E69}.Release|Any CPU.Build.0 = Release|Any CPU
	EndGlobalSection
	GlobalSection(SolutionProperties) = preSolution
		HideSolutionNode = FALSE
	EndGlobalSection
	GlobalSection(ExtensibilityGlobals) = postSolution
		SolutionGuid = {06562D83-75DE-46B3-A75B-7D373CEF037A}
	EndGlobalSection
EndGlobal
